
Microsoft Visual Studio Solution File, Format Version 9.00
# Visual Studio 2005
Project("{FAE04EC0-301F-11D3-BF4B-00C04F79EFBC}") = "LBSgisPoliceEdit", "LBSgisPoliceEdit.csproj", "{70870185-CED6-4DAE-9267-4FC2B0973FD3}"
EndProject
Project("{FAE04EC0-301F-11D3-BF4B-00C04F79EFBC}") = "DataGuide", "..\DataGuide\DataGuide.csproj", "{AF560F2D-F940-44D0-AB10-00C63CF6B335}"
EndProject
Global
	GlobalSection(SourceCodeControl) = preSolution
		SccNumberOfProjects = 3
		SccProjectName0 = \u0022$/项目管理/A08001顺德公安/非受控/源代码/LBSgisPolice.root/LBSgisPolice\u0022,\u0020YJBBAAAA
		SccLocalPath0 = ..
		SccProvider0 = MSSCCI:Microsoft\u0020Visual\u0020SourceSafe
		SccProjectFilePathRelativizedFromConnection0 = LBSgisPoliceEdit\\
		SccProjectUniqueName1 = LBSgisPoliceEdit.csproj
		SccLocalPath1 = ..
		SccProjectFilePathRelativizedFromConnection1 = LBSgisPoliceEdit\\
		SccProjectUniqueName2 = ..\\DataGuide\\DataGuide.csproj
		SccLocalPath2 = ..
		SccProjectFilePathRelativizedFromConnection2 = DataGuide\\
	EndGlobalSection
	GlobalSection(SolutionConfigurationPlatforms) = preSolution
		Debug|Any CPU = Debug|Any CPU
		Release|Any CPU = Release|Any CPU
	EndGlobalSection
	GlobalSection(ProjectConfigurationPlatforms) = postSolution
		{70870185-CED6-4DAE-9267-4FC2B0973FD3}.Debug|Any CPU.ActiveCfg = Debug|Any CPU
		{70870185-CED6-4DAE-9267-4FC2B0973FD3}.Debug|Any CPU.Build.0 = Debug|Any CPU
		{70870185-CED6-4DAE-9267-4FC2B0973FD3}.Release|Any CPU.ActiveCfg = Release|Any CPU
		{70870185-CED6-4DAE-9267-4FC2B0973FD3}.Release|Any CPU.Build.0 = Release|Any CPU
		{AF560F2D-F940-44D0-AB10-00C63CF6B335}.Debug|Any CPU.ActiveCfg = Debug|Any CPU
		{AF560F2D-F940-44D0-AB10-00C63CF6B335}.Debug|Any CPU.Build.0 = Debug|Any CPU
		{AF560F2D-F940-44D0-AB10-00C63CF6B335}.Release|Any CPU.ActiveCfg = Release|Any CPU
		{AF560F2D-F940-44D0-AB10-00C63CF6B335}.Release|Any CPU.Build.0 = Release|Any CPU
	EndGlobalSection
	GlobalSection(SolutionProperties) = preSolution
		HideSolutionNode = FALSE
	EndGlobalSection
EndGlobal
